
Microsoft Visual Studio Solution File, Format Version 12.00
# Visual Studio 14
VisualStudioVersion = 14.0.25420.1
MinimumVisualStudioVersion = 10.0.40219.1
Project("{D954291E-2A0B-460D-934E-DC6B0785DB48}") = "XamarinSQL", "XamarinSQL\XamarinSQL\XamarinSQL.shproj", "{02F6B15F-8995-454B-8BEB-A91C5ADADB05}"
EndProject
Project("{FAE04EC0-301F-11D3-BF4B-00C04F79EFBC}") = "XamarinSQL.Android", "XamarinSQL\XamarinSQL.Android\XamarinSQL.Android.csproj", "{52695FB9-4B9B-4A65-9E00-B09CADEB4BDD}"
EndProject
Project("{FAE04EC0-301F-11D3-BF4B-00C04F79EFBC}") = "XamarinSQL.iOS", "XamarinSQL\XamarinSQL.iOS\XamarinSQL.iOS.csproj", "{7407DBFF-5286-4277-AD7D-42913D1A18F2}"
EndProject
Project("{FAE04EC0-301F-11D3-BF4B-00C04F79EFBC}") = "XamarinSQL.UWP", "XamarinSQL\XamarinSQL.UWP\XamarinSQL.UWP.csproj", "{9ACC3018-4653-412D-A24F-F9CA02F7D5B8}"
EndProject
Global
	GlobalSection(SharedMSBuildProjectFiles) = preSolution
		XamarinSQL\XamarinSQL\XamarinSQL.projitems*{02f6b15f-8995-454b-8beb-a91c5adadb05}*SharedItemsImports = 13
		XamarinSQL\XamarinSQL\XamarinSQL.projitems*{52695fb9-4b9b-4a65-9e00-b09cadeb4bdd}*SharedItemsImports = 4
		XamarinSQL\XamarinSQL\XamarinSQL.projitems*{7407dbff-5286-4277-ad7d-42913d1a18f2}*SharedItemsImports = 4
		XamarinSQL\XamarinSQL\XamarinSQL.projitems*{9acc3018-4653-412d-a24f-f9ca02f7d5b8}*SharedItemsImports = 4
	EndGlobalSection
	GlobalSection(SolutionConfigurationPlatforms) = preSolution
		Ad-Hoc|Any CPU = Ad-Hoc|Any CPU
		Ad-Hoc|ARM = Ad-Hoc|ARM
		Ad-Hoc|iPhone = Ad-Hoc|iPhone
		Ad-Hoc|iPhoneSimulator = Ad-Hoc|iPhoneSimulator
		Ad-Hoc|x64 = Ad-Hoc|x64
		Ad-Hoc|x86 = Ad-Hoc|x86
		AppStore|Any CPU = AppStore|Any CPU
		AppStore|ARM = AppStore|ARM
		AppStore|iPhone = AppStore|iPhone
		AppStore|iPhoneSimulator = AppStore|iPhoneSimulator
		AppStore|x64 = AppStore|x64
		AppStore|x86 = AppStore|x86
		Debug|Any CPU = Debug|Any CPU
		Debug|ARM = Debug|ARM
		Debug|iPhone = Debug|iPhone
		Debug|iPhoneSimulator = Debug|iPhoneSimulator
		Debug|x64 = Debug|x64
		Debug|x86 = Debug|x86
		Release|Any CPU = Release|Any CPU
		Release|ARM = Release|ARM
		Release|iPhone = Release|iPhone
		Release|iPhoneSimulator = Release|iPhoneSimulator
		Release|x64 = Release|x64
		Release|x86 = Release|x86
	EndGlobalSection
	GlobalSection(ProjectConfigurationPlatforms) = postSolution
		{52695FB9-4B9B-4A65-9E00-B09CADEB4BDD}.Ad-Hoc|Any CPU.ActiveCfg = Release|Any CPU
		{52695FB9-4B9B-4A65-9E00-B09CADEB4BDD}.Ad-Hoc|Any CPU.Build.0 = Release|Any CPU
		{52695FB9-4B9B-4A65-9E00-B09CADEB4BDD}.Ad-Hoc|Any CPU.Deploy.0 = Release|Any CPU
		{52695FB9-4B9B-4A65-9E00-B09CADEB4BDD}.Ad-Hoc|ARM.ActiveCfg = Release|Any CPU
		{52695FB9-4B9B-4A65-9E00-B09CADEB4BDD}.Ad-Hoc|ARM.Build.0 = Release|Any CPU
		{52695FB9-4B9B-4A65-9E00-B09CADEB4BDD}.Ad-Hoc|ARM.Deploy.0 = Release|Any CPU
		{52695FB9-4B9B-4A65-9E00-B09CADEB4BDD}.Ad-Hoc|iPhone.ActiveCfg = Release|Any CPU
		{52695FB9-4B9B-4A65-9E00-B09CADEB4BDD}.Ad-Hoc|iPhone.Build.0 = Release|Any CPU
		{52695FB9-4B9B-4A65-9E00-B09CADEB4BDD}.Ad-Hoc|iPhone.Deploy.0 = Release|Any CPU
		{52695FB9-4B9B-4A65-9E00-B09CADEB4BDD}.Ad-Hoc|iPhoneSimulator.ActiveCfg = Release|Any CPU
		{52695FB9-4B9B-4A65-9E00-B09CADEB4BDD}.Ad-Hoc|iPhoneSimulator.Build.0 = Release|Any CPU
		{52695FB9-4B9B-4A65-9E00-B09CADEB4BDD}.Ad-Hoc|iPhoneSimulator.Deploy.0 = Release|Any CPU
		{52695FB9-4B9B-4A65-9E00-B09CADEB4BDD}.Ad-Hoc|x64.ActiveCfg = Release|Any CPU
		{52695FB9-4B9B-4A65-9E00-B09CADEB4BDD}.Ad-Hoc|x64.Build.0 = Release|Any CPU
		{52695FB9-4B9B-4A65-9E00-B09CADEB4BDD}.Ad-Hoc|x64.Deploy.0 = Release|Any CPU
		{52695FB9-4B9B-4A65-9E00-B09CADEB4BDD}.Ad-Hoc|x86.ActiveCfg = Release|Any CPU
		{52695FB9-4B9B-4A65-9E00-B09CADEB4BDD}.Ad-Hoc|x86.Build.0 = Release|Any CPU
		{52695FB9-4B9B-4A65-9E00-B09CADEB4BDD}.Ad-Hoc|x86.Deploy.0 = Release|Any CPU
		{52695FB9-4B9B-4A65-9E00-B09CADEB4BDD}.AppStore|Any CPU.ActiveCfg = Release|Any CPU
		{52695FB9-4B9B-4A65-9E00-B09CADEB4BDD}.AppStore|Any CPU.Build.0 = Release|Any CPU
		{52695FB9-4B9B-4A65-9E00-B09CADEB4BDD}.AppStore|Any CPU.Deploy.0 = Release|Any CPU
		{52695FB9-4B9B-4A65-9E00-B09CADEB4BDD}.AppStore|ARM.ActiveCfg = Release|Any CPU
		{52695FB9-4B9B-4A65-9E00-B09CADEB4BDD}.AppStore|ARM.Build.0 = Release|Any CPU
		{52695FB9-4B9B-4A65-9E00-B09CADEB4BDD}.AppStore|ARM.Deploy.0 = Release|Any CPU
		{52695FB9-4B9B-4A65-9E00-B09CADEB4BDD}.AppStore|iPhone.ActiveCfg = Release|Any CPU
		{52695FB9-4B9B-4A65-9E00-B09CADEB4BDD}.AppStore|iPhone.Build.0 = Release|Any CPU
		{52695FB9-4B9B-4A65-9E00-B09CADEB4BDD}.AppStore|iPhone.Deploy.0 = Release|Any CPU
		{52695FB9-4B9B-4A65-9E00-B09CADEB4BDD}.AppStore|iPhoneSimulator.ActiveCfg = Release|Any CPU
		{52695FB9-4B9B-4A65-9E00-B09CADEB4BDD}.AppStore|iPhoneSimulator.Build.0 = Release|Any CPU
		{52695FB9-4B9B-4A65-9E00-B09CADEB4BDD}.AppStore|iPhoneSimulator.Deploy.0 = Release|Any CPU
		{52695FB9-4B9B-4A65-9E00-B09CADEB4BDD}.AppStore|x64.ActiveCfg = Release|Any CPU
		{52695FB9-4B9B-4A65-9E00-B09CADEB4BDD}.AppStore|x64.Build.0 = Release|Any CPU
		{52695FB9-4B9B-4A65-9E00-B09CADEB4BDD}.AppStore|x64.Deploy.0 = Release|Any CPU
		{52695FB9-4B9B-4A65-9E00-B09CADEB4BDD}.AppStore|x86.ActiveCfg = Release|Any CPU
		{52695FB9-4B9B-4A65-9E00-B09CADEB4BDD}.AppStore|x86.Build.0 = Release|Any CPU
		{52695FB9-4B9B-4A65-9E00-B09CADEB4BDD}.AppStore|x86.Deploy.0 = Release|Any CPU
		{52695FB9-4B9B-4A65-9E00-B09CADEB4BDD}.Debug|Any CPU.ActiveCfg = Debug|Any CPU
		{52695FB9-4B9B-4A65-9E00-B09CADEB4BDD}.Debug|Any CPU.Build.0 = Debug|Any CPU
		{52695FB9-4B9B-4A65-9E00-B09CADEB4BDD}.Debug|Any CPU.Deploy.0 = Debug|Any CPU
		{52695FB9-4B9B-4A65-9E00-B09CADEB4BDD}.Debug|ARM.ActiveCfg = Debug|Any CPU
		{52695FB9-4B9B-4A65-9E00-B09CADEB4BDD}.Debug|ARM.Build.0 = Debug|Any CPU
		{52695FB9-4B9B-4A65-9E00-B09CADEB4BDD}.Debug|ARM.Deploy.0 = Debug|Any CPU
		{52695FB9-4B9B-4A65-9E00-B09CADEB4BDD}.Debug|iPhone.ActiveCfg = Debug|Any CPU
		{52695FB9-4B9B-4A65-9E00-B09CADEB4BDD}.Debug|iPhone.Build.0 = Debug|Any CPU
		{52695FB9-4B9B-4A65-9E00-B09CADEB4BDD}.Debug|iPhone.Deploy.0 = Debug|Any CPU
		{52695FB9-4B9B-4A65-9E00-B09CADEB4BDD}.Debug|iPhoneSimulator.ActiveCfg = Debug|Any CPU
		{52695FB9-4B9B-4A65-9E00-B09CADEB4BDD}.Debug|iPhoneSimulator.Build.0 = Debug|Any CPU
		{52695FB9-4B9B-4A65-9E00-B09CADEB4BDD}.Debug|iPhoneSimulator.Deploy.0 = Debug|Any CPU
		{52695FB9-4B9B-4A65-9E00-B09CADEB4BDD}.Debug|x64.ActiveCfg = Debug|Any CPU
		{52695FB9-4B9B-4A65-9E00-B09CADEB4BDD}.Debug|x64.Build.0 = Debug|Any CPU
		{52695FB9-4B9B-4A65-9E00-B09CADEB4BDD}.Debug|x64.Deploy.0 = Debug|Any CPU
		{52695FB9-4B9B-4A65-9E00-B09CADEB4BDD}.Debug|x86.ActiveCfg = Debug|Any CPU
		{52695FB9-4B9B-4A65-9E00-B09CADEB4BDD}.Debug|x86.Build.0 = Debug|Any CPU
		{52695FB9-4B9B-4A65-9E00-B09CADEB4BDD}.Debug|x86.Deploy.0 = Debug|Any CPU
		{52695FB9-4B9B-4A65-9E00-B09CADEB4BDD}.Release|Any CPU.ActiveCfg = Release|Any CPU
		{52695FB9-4B9B-4A65-9E00-B09CADEB4BDD}.Release|Any CPU.Build.0 = Release|Any CPU
		{52695FB9-4B9B-4A65-9E00-B09CADEB4BDD}.Release|Any CPU.Deploy.0 = Release|Any CPU
		{52695FB9-4B9B-4A65-9E00-B09CADEB4BDD}.Release|ARM.ActiveCfg = Release|Any CPU
		{52695FB9-4B9B-4A65-9E00-B09CADEB4BDD}.Release|ARM.Build.0 = Release|Any CPU
		{52695FB9-4B9B-4A65-9E00-B09CADEB4BDD}.Release|ARM.Deploy.0 = Release|Any CPU
		{52695FB9-4B9B-4A65-9E00-B09CADEB4BDD}.Release|iPhone.ActiveCfg = Release|Any CPU
		{52695FB9-4B9B-4A65-9E00-B09CADEB4BDD}.Release|iPhone.Build.0 = Release|Any CPU
		{52695FB9-4B9B-4A65-9E00-B09CADEB4BDD}.Release|iPhone.Deploy.0 = Release|Any CPU
		{52695FB9-4B9B-4A65-9E00-B09CADEB4BDD}.Release|iPhoneSimulator.ActiveCfg = Release|Any CPU
		{52695FB9-4B9B-4A65-9E00-B09CADEB4BDD}.Release|iPhoneSimulator.Build.0 = Release|Any CPU
		{52695FB9-4B9B-4A65-9E00-B09CADEB4BDD}.Release|iPhoneSimulator.Deploy.0 = Release|Any CPU
		{52695FB9-4B9B-4A65-9E00-B09CADEB4BDD}.Release|x64.ActiveCfg = Release|Any CPU
		{52695FB9-4B9B-4A65-9E00-B09CADEB4BDD}.Release|x64.Build.0 = Release|Any CPU
		{52695FB9-4B9B-4A65-9E00-B09CADEB4BDD}.Release|x64.Deploy.0 = Release|Any CPU
		{52695FB9-4B9B-4A65-9E00-B09CADEB4BDD}.Release|x86.ActiveCfg = Release|Any CPU
		{52695FB9-4B9B-4A65-9E00-B09CADEB4BDD}.Release|x86.Build.0 = Release|Any CPU
		{52695FB9-4B9B-4A65-9E00-B09CADEB4BDD}.Release|x86.Deploy.0 = Release|Any CPU
		{7407DBFF-5286-4277-AD7D-42913D1A18F2}.Ad-Hoc|Any CPU.ActiveCfg = Ad-Hoc|iPhone
		{7407DBFF-5286-4277-AD7D-42913D1A18F2}.Ad-Hoc|ARM.ActiveCfg = Ad-Hoc|iPhone
		{7407DBFF-5286-4277-AD7D-42913D1A18F2}.Ad-Hoc|iPhone.ActiveCfg = Ad-Hoc|iPhone
		{7407DBFF-5286-4277-AD7D-42913D1A18F2}.Ad-Hoc|iPhone.Build.0 = Ad-Hoc|iPhone
		{7407DBFF-5286-4277-AD7D-42913D1A18F2}.Ad-Hoc|iPhoneSimulator.ActiveCfg = Ad-Hoc|iPhoneSimulator
		{7407DBFF-5286-4277-AD7D-42913D1A18F2}.Ad-Hoc|iPhoneSimulator.Build.0 = Ad-Hoc|iPhoneSimulator
		{7407DBFF-5286-4277-AD7D-42913D1A18F2}.Ad-Hoc|x64.ActiveCfg = Ad-Hoc|iPhone
		{7407DBFF-5286-4277-AD7D-42913D1A18F2}.Ad-Hoc|x86.ActiveCfg = Ad-Hoc|iPhone
		{7407DBFF-5286-4277-AD7D-42913D1A18F2}.AppStore|Any CPU.ActiveCfg = AppStore|iPhone
		{7407DBFF-5286-4277-AD7D-42913D1A18F2}.AppStore|ARM.ActiveCfg = AppStore|iPhone
		{7407DBFF-5286-4277-AD7D-42913D1A18F2}.AppStore|iPhone.ActiveCfg = AppStore|iPhone
		{7407DBFF-5286-4277-AD7D-42913D1A18F2}.AppStore|iPhone.Build.0 = AppStore|iPhone
		{7407DBFF-5286-4277-AD7D-42913D1A18F2}.AppStore|iPhoneSimulator.ActiveCfg = AppStore|iPhoneSimulator
		{7407DBFF-5286-4277-AD7D-42913D1A18F2}.AppStore|iPhoneSimulator.Build.0 = AppStore|iPhoneSimulator
		{7407DBFF-5286-4277-AD7D-42913D1A18F2}.AppStore|x64.ActiveCfg = AppStore|iPhone
		{7407DBFF-5286-4277-AD7D-42913D1A18F2}.AppStore|x86.ActiveCfg = AppStore|iPhone
		{7407DBFF-5286-4277-AD7D-42913D1A18F2}.Debug|Any CPU.ActiveCfg = Debug|iPhone
		{7407DBFF-5286-4277-AD7D-42913D1A18F2}.Debug|ARM.ActiveCfg = Debug|iPhone
		{7407DBFF-5286-4277-AD7D-42913D1A18F2}.Debug|iPhone.ActiveCfg = Debug|iPhone
		{7407DBFF-5286-4277-AD7D-42913D1A18F2}.Debug|iPhone.Build.0 = Debug|iPhone
		{7407DBFF-5286-4277-AD7D-42913D1A18F2}.Debug|iPhoneSimulator.ActiveCfg = Debug|iPhoneSimulator
		{7407DBFF-5286-4277-AD7D-42913D1A18F2}.Debug|iPhoneSimulator.Build.0 = Debug|iPhoneSimulator
		{7407DBFF-5286-4277-AD7D-42913D1A18F2}.Debug|x64.ActiveCfg = Debug|iPhone
		{7407DBFF-5286-4277-AD7D-42913D1A18F2}.Debug|x86.ActiveCfg = Debug|iPhone
		{7407DBFF-5286-4277-AD7D-42913D1A18F2}.Release|Any CPU.ActiveCfg = Release|iPhone
		{7407DBFF-5286-4277-AD7D-42913D1A18F2}.Release|ARM.ActiveCfg = Release|iPhone
		{7407DBFF-5286-4277-AD7D-42913D1A18F2}.Release|iPhone.ActiveCfg = Release|iPhone
		{7407DBFF-5286-4277-AD7D-42913D1A18F2}.Release|iPhone.Build.0 = Release|iPhone
		{7407DBFF-5286-4277-AD7D-42913D1A18F2}.Release|iPhoneSimulator.ActiveCfg = Release|iPhoneSimulator
		{7407DBFF-5286-4277-AD7D-42913D1A18F2}.Release|iPhoneSimulator.Build.0 = Release|iPhoneSimulator
		{7407DBFF-5286-4277-AD7D-42913D1A18F2}.Release|x64.ActiveCfg = Release|iPhone
		{7407DBFF-5286-4277-AD7D-42913D1A18F2}.Release|x86.ActiveCfg = Release|iPhone
		{9ACC3018-4653-412D-A24F-F9CA02F7D5B8}.Ad-Hoc|Any CPU.ActiveCfg = Release|x86
		{9ACC3018-4653-412D-A24F-F9CA02F7D5B8}.Ad-Hoc|Any CPU.Build.0 = Release|x86
		{9ACC3018-4653-412D-A24F-F9CA02F7D5B8}.Ad-Hoc|Any CPU.Deploy.0 = Release|x86
		{9ACC3018-4653-412D-A24F-F9CA02F7D5B8}.Ad-Hoc|ARM.ActiveCfg = Release|ARM
		{9ACC3018-4653-412D-A24F-F9CA02F7D5B8}.Ad-Hoc|ARM.Build.0 = Release|ARM
		{9ACC3018-4653-412D-A24F-F9CA02F7D5B8}.Ad-Hoc|ARM.Deploy.0 = Release|ARM
		{9ACC3018-4653-412D-A24F-F9CA02F7D5B8}.Ad-Hoc|iPhone.ActiveCfg = Release|x86
		{9ACC3018-4653-412D-A24F-F9CA02F7D5B8}.Ad-Hoc|iPhone.Build.0 = Release|x86
		{9ACC3018-4653-412D-A24F-F9CA02F7D5B8}.Ad-Hoc|iPhone.Deploy.0 = Release|x86
		{9ACC3018-4653-412D-A24F-F9CA02F7D5B8}.Ad-Hoc|iPhoneSimulator.ActiveCfg = Release|x86
		{9ACC3018-4653-412D-A24F-F9CA02F7D5B8}.Ad-Hoc|iPhoneSimulator.Build.0 = Release|x86
		{9ACC3018-4653-412D-A24F-F9CA02F7D5B8}.Ad-Hoc|iPhoneSimulator.Deploy.0 = Release|x86
		{9ACC3018-4653-412D-A24F-F9CA02F7D5B8}.Ad-Hoc|x64.ActiveCfg = Release|x64
		{9ACC3018-4653-412D-A24F-F9CA02F7D5B8}.Ad-Hoc|x64.Build.0 = Release|x64
		{9ACC3018-4653-412D-A24F-F9CA02F7D5B8}.Ad-Hoc|x64.Deploy.0 = Release|x64
		{9ACC3018-4653-412D-A24F-F9CA02F7D5B8}.Ad-Hoc|x86.ActiveCfg = Release|x86
		{9ACC3018-4653-412D-A24F-F9CA02F7D5B8}.Ad-Hoc|x86.Build.0 = Release|x86
		{9ACC3018-4653-412D-A24F-F9CA02F7D5B8}.Ad-Hoc|x86.Deploy.0 = Release|x86
		{9ACC3018-4653-412D-A24F-F9CA02F7D5B8}.AppStore|Any CPU.ActiveCfg = Release|x86
		{9ACC3018-4653-412D-A24F-F9CA02F7D5B8}.AppStore|Any CPU.Build.0 = Release|x86
		{9ACC3018-4653-412D-A24F-F9CA02F7D5B8}.AppStore|Any CPU.Deploy.0 = Release|x86
		{9ACC3018-4653-412D-A24F-F9CA02F7D5B8}.AppStore|ARM.ActiveCfg = Release|ARM
		{9ACC3018-4653-412D-A24F-F9CA02F7D5B8}.AppStore|ARM.Build.0 = Release|ARM
		{9ACC3018-4653-412D-A24F-F9CA02F7D5B8}.AppStore|ARM.Deploy.0 = Release|ARM
		{9ACC3018-4653-412D-A24F-F9CA02F7D5B8}.AppStore|iPhone.ActiveCfg = Release|x86
		{9ACC3018-4653-412D-A24F-F9CA02F7D5B8}.AppStore|iPhone.Build.0 = Release|x86
		{9ACC3018-4653-412D-A24F-F9CA02F7D5B8}.AppStore|iPhone.Deploy.0 = Release|x86
		{9ACC3018-4653-412D-A24F-F9CA02F7D5B8}.AppStore|iPhoneSimulator.ActiveCfg = Release|x86
		{9ACC3018-4653-412D-A24F-F9CA02F7D5B8}.AppStore|iPhoneSimulator.Build.0 = Release|x86
		{9ACC3018-4653-412D-A24F-F9CA02F7D5B8}.AppStore|iPhoneSimulator.Deploy.0 = Release|x86
		{9ACC3018-4653-412D-A24F-F9CA02F7D5B8}.AppStore|x64.ActiveCfg = Release|x64
		{9ACC3018-4653-412D-A24F-F9CA02F7D5B8}.AppStore|x64.Build.0 = Release|x64
		{9ACC3018-4653-412D-A24F-F9CA02F7D5B8}.AppStore|x64.Deploy.0 = Release|x64
		{9ACC3018-4653-412D-A24F-F9CA02F7D5B8}.AppStore|x86.ActiveCfg = Release|x86
		{9ACC3018-4653-412D-A24F-F9CA02F7D5B8}.AppStore|x86.Build.0 = Release|x86
		{9ACC3018-4653-412D-A24F-F9CA02F7D5B8}.AppStore|x86.Deploy.0 = Release|x86
		{9ACC3018-4653-412D-A24F-F9CA02F7D5B8}.Debug|Any CPU.ActiveCfg = Debug|x86
		{9ACC3018-4653-412D-A24F-F9CA02F7D5B8}.Debug|ARM.ActiveCfg = Debug|ARM
		{9ACC3018-4653-412D-A24F-F9CA02F7D5B8}.Debug|ARM.Build.0 = Debug|ARM
		{9ACC3018-4653-412D-A24F-F9CA02F7D5B8}.Debug|ARM.Deploy.0 = Debug|ARM
		{9ACC3018-4653-412D-A24F-F9CA02F7D5B8}.Debug|iPhone.ActiveCfg = Debug|x86
		{9ACC3018-4653-412D-A24F-F9CA02F7D5B8}.Debug|iPhoneSimulator.ActiveCfg = Debug|x86
		{9ACC3018-4653-412D-A24F-F9CA02F7D5B8}.Debug|x64.ActiveCfg = Debug|x64
		{9ACC3018-4653-412D-A24F-F9CA02F7D5B8}.Debug|x64.Build.0 = Debug|x64
		{9ACC3018-4653-412D-A24F-F9CA02F7D5B8}.Debug|x64.Deploy.0 = Debug|x64
		{9ACC3018-4653-412D-A24F-F9CA02F7D5B8}.Debug|x86.ActiveCfg = Debug|x86
		{9ACC3018-4653-412D-A24F-F9CA02F7D5B8}.Debug|x86.Build.0 = Debug|x86
		{9ACC3018-4653-412D-A24F-F9CA02F7D5B8}.Debug|x86.Deploy.0 = Debug|x86
		{9ACC3018-4653-412D-A24F-F9CA02F7D5B8}.Release|Any CPU.ActiveCfg = Release|x86
		{9ACC3018-4653-412D-A24F-F9CA02F7D5B8}.Release|ARM.ActiveCfg = Release|ARM
		{9ACC3018-4653-412D-A24F-F9CA02F7D5B8}.Release|ARM.Build.0 = Release|ARM
		{9ACC3018-4653-412D-A24F-F9CA02F7D5B8}.Release|ARM.Deploy.0 = Release|ARM
		{9ACC3018-4653-412D-A24F-F9CA02F7D5B8}.Release|iPhone.ActiveCfg = Release|x86
		{9ACC3018-4653-412D-A24F-F9CA02F7D5B8}.Release|iPhoneSimulator.ActiveCfg = Release|x86
		{9ACC3018-4653-412D-A24F-F9CA02F7D5B8}.Release|x64.ActiveCfg = Release|x64
		{9ACC3018-4653-412D-A24F-F9CA02F7D5B8}.Release|x64.Build.0 = Release|x64
		{9ACC3018-4653-412D-A24F-F9CA02F7D5B8}.Release|x64.Deploy.0 = Release|x64
		{9ACC3018-4653-412D-A24F-F9CA02F7D5B8}.Release|x86.ActiveCfg = Release|x86
		{9ACC3018-4653-412D-A24F-F9CA02F7D5B8}.Release|x86.Build.0 = Release|x86
		{9ACC3018-4653-412D-A24F-F9CA02F7D5B8}.Release|x86.Deploy.0 = Release|x86
	EndGlobalSection
	GlobalSection(SolutionProperties) = preSolution
		HideSolutionNode = FALSE
	EndGlobalSection
EndGlobal
